PODS:
  - iOSSnapshotTestCase (6.2.0):
    - iOSSnapshotTestCase/SwiftSupport (= 6.2.0)
  - iOSSnapshotTestCase/Core (6.2.0)
  - iOSSnapshotTestCase/SwiftSupport (6.2.0):
    - iOSSnapshotTestCase/Core
  - Nimble (8.1.1)
  - Nimble-Snapshots (8.2.1):
    - Nimble-Snapshots/Core (= 8.2.1)
  - Nimble-Snapshots/Core (8.2.1):
    - iOSSnapshotTestCase (~> 6.0)
    - Nimble (~> 8.0)
  - Quick (3.0.0)

DEPENDENCIES:
  - Nimble (= 8.1.1)
  - Nimble-Snapshots (= 8.2.1)
  - Quick (= 3.0.0)

SPEC REPOS:
  trunk:
    - iOSSnapshotTestCase
    - Nimble
    - Nimble-Snapshots
    - Quick

SPEC CHECKSUMS:
  iOSSnapshotTestCase: 9ab44cb5aa62b84d31847f40680112e15ec579a6
  Nimble: 5f8a2fb6fa343a7242dfdd9d42f7267419d464b2
  Nimble-Snapshots: 3a4750d83752625c8ebfdc588da105303ee2201e
  Quick: 6d9559f40647bc4d510103842ef2fdd882d753e2

PODFILE CHECKSUM: 64562a6e2c86a39f22461eea3530616ed6313beb

COCOAPODS: 1.9.3
