// !$*UTF8*$!
{
	archiveVersion = 1;
	classes = {
	};
	objectVersion = 51;
	objects = {

/* Begin PBXBuildFile section */
		0904B4B3249A987B008DD335 /* VerticalStackView.swift in Sources */ = {isa = PBXBuildFile; fileRef = 0904B4B2249A987B008DD335 /* VerticalStackView.swift */; };
		0904B4B5249A99F9008DD335 /* Label.swift in Sources */ = {isa = PBXBuildFile; fileRef = 0904B4B4249A99F9008DD335 /* Label.swift */; };
		0904B4B7249A9EA4008DD335 /* TextField.swift in Sources */ = {isa = PBXBuildFile; fileRef = 0904B4B6249A9EA4008DD335 /* TextField.swift */; };
		090C404F249D0F9B00D5C866 /* FinalView.swift in Sources */ = {isa = PBXBuildFile; fileRef = 090C404E249D0F9B00D5C866 /* FinalView.swift */; };
		09147BCE24FDAAF000D38E16 /* CPFViewSpec.swift in Sources */ = {isa = PBXBuildFile; fileRef = 09147BCD24FDAAF000D38E16 /* CPFViewSpec.swift */; };
		09147BD024FDAB5900D38E16 /* EmailViewSpec.swift in Sources */ = {isa = PBXBuildFile; fileRef = 09147BCF24FDAB5900D38E16 /* EmailViewSpec.swift */; };
		095A6B1B24FD9B15009D80FB /* NameViewSpec.swift in Sources */ = {isa = PBXBuildFile; fileRef = 095A6B1A24FD9B15009D80FB /* NameViewSpec.swift */; };
		0972F75C24895F80003E308B /* AppDelegate.swift in Sources */ = {isa = PBXBuildFile; fileRef = 0972F75B24895F80003E308B /* AppDelegate.swift */; };
		0972F76024895F80003E308B /* ViewController.swift in Sources */ = {isa = PBXBuildFile; fileRef = 0972F75F24895F80003E308B /* ViewController.swift */; };
		0972F76524895F82003E308B /* Assets.xcassets in Resources */ = {isa = PBXBuildFile; fileRef = 0972F76424895F82003E308B /* Assets.xcassets */; };
		0972F76824895F82003E308B /* LaunchScreen.storyboard in Resources */ = {isa = PBXBuildFile; fileRef = 0972F76624895F82003E308B /* LaunchScreen.storyboard */; };
		09779402248960CA00FD138F /* Coordinator.swift in Sources */ = {isa = PBXBuildFile; fileRef = 09779401248960CA00FD138F /* Coordinator.swift */; };
		09779406248963FD00FD138F /* MainCoordinator.swift in Sources */ = {isa = PBXBuildFile; fileRef = 09779405248963FD00FD138F /* MainCoordinator.swift */; };
		0977940A248981D700FD138F /* CustomNavigationViewController.swift in Sources */ = {isa = PBXBuildFile; fileRef = 09779409248981D700FD138F /* CustomNavigationViewController.swift */; };
		0977940C248981FB00FD138F /* CustomNavigationBarStyle.swift in Sources */ = {isa = PBXBuildFile; fileRef = 0977940B248981FB00FD138F /* CustomNavigationBarStyle.swift */; };
		09854FC62493E9FE00199E2B /* Button.swift in Sources */ = {isa = PBXBuildFile; fileRef = 09854FC52493E9FE00199E2B /* Button.swift */; };
		098BCABB2499295700E2D8FA /* ProgressView.swift in Sources */ = {isa = PBXBuildFile; fileRef = 098BCABA2499295700E2D8FA /* ProgressView.swift */; };
		098BCABD2499326500E2D8FA /* ScrollView.swift in Sources */ = {isa = PBXBuildFile; fileRef = 098BCABC2499326500E2D8FA /* ScrollView.swift */; };
		098BCABF249936D200E2D8FA /* NameView.swift in Sources */ = {isa = PBXBuildFile; fileRef = 098BCABE249936D200E2D8FA /* NameView.swift */; };
		098BCAC22499376600E2D8FA /* OnboardingPagesEnum.swift in Sources */ = {isa = PBXBuildFile; fileRef = 098BCAC12499376600E2D8FA /* OnboardingPagesEnum.swift */; };
		098BCAC42499378400E2D8FA /* CPFView.swift in Sources */ = {isa = PBXBuildFile; fileRef = 098BCAC32499378400E2D8FA /* CPFView.swift */; };
		098BCAC62499378F00E2D8FA /* EmailView.swift in Sources */ = {isa = PBXBuildFile; fileRef = 098BCAC52499378F00E2D8FA /* EmailView.swift */; };
		099C0CA725083DE0000EE2B1 /* SizesEnum.swift in Sources */ = {isa = PBXBuildFile; fileRef = 099C0CA625083DE0000EE2B1 /* SizesEnum.swift */; };
		09B6B3B62494553B00DC364E /* HorizontalStackView.swift in Sources */ = {isa = PBXBuildFile; fileRef = 09B6B3B52494553B00DC364E /* HorizontalStackView.swift */; };
		09B8962A249D344B00D80B1C /* UserViewModel.swift in Sources */ = {isa = PBXBuildFile; fileRef = 09B89629249D344B00D80B1C /* UserViewModel.swift */; };
		09B8962C249D35B000D80B1C /* NameViewModel.swift in Sources */ = {isa = PBXBuildFile; fileRef = 09B8962B249D35B000D80B1C /* NameViewModel.swift */; };
		09B8962E249D36E200D80B1C /* CPFViewModel.swift in Sources */ = {isa = PBXBuildFile; fileRef = 09B8962D249D36E200D80B1C /* CPFViewModel.swift */; };
		09B89630249D36FA00D80B1C /* EmailViewModel.swift in Sources */ = {isa = PBXBuildFile; fileRef = 09B8962F249D36FA00D80B1C /* EmailViewModel.swift */; };
		09E95AFA24FEEBDF001F55A7 /* FinalViewSpec.swift in Sources */ = {isa = PBXBuildFile; fileRef = 09E95AF924FEEBDF001F55A7 /* FinalViewSpec.swift */; };
		36E2E25694E63FC918FE4598 /* Pods_Flow.framework in Frameworks */ = {isa = PBXBuildFile; fileRef = 9D0EE2B96B43B639798F9738 /* Pods_Flow.framework */; };
		63E5FDCB71F0B652A456EFDD /* Pods_Flow_FlowTests.framework in Frameworks */ = {isa = PBXBuildFile; fileRef = 6FC45A24FF3D0264FF55DD65 /* Pods_Flow_FlowTests.framework */; };
/* End PBXBuildFile section */

/* Begin PBXContainerItemProxy section */
		095A6B1524FD9925009D80FB /* PBXContainerItemProxy */ = {
			isa = PBXContainerItemProxy;
			containerPortal = 0972F75024895F80003E308B /* Project object */;
			proxyType = 1;
			remoteGlobalIDString = 0972F75724895F80003E308B;
			remoteInfo = Flow;
		};
/* End PBXContainerItemProxy section */

/* Begin PBXFileReference section */
		0904B4B2249A987B008DD335 /* VerticalStackView.swift */ = {isa = PBXFileReference; lastKnownFileType = sourcecode.swift; path = VerticalStackView.swift; sourceTree = "<group>"; };
		0904B4B4249A99F9008DD335 /* Label.swift */ = {isa = PBXFileReference; lastKnownFileType = sourcecode.swift; path = Label.swift; sourceTree = "<group>"; };
		0904B4B6249A9EA4008DD335 /* TextField.swift */ = {isa = PBXFileReference; lastKnownFileType = sourcecode.swift; path = TextField.swift; sourceTree = "<group>"; };
		090C404E249D0F9B00D5C866 /* FinalView.swift */ = {isa = PBXFileReference; lastKnownFileType = sourcecode.swift; path = FinalView.swift; sourceTree = "<group>"; };
		09147BCD24FDAAF000D38E16 /* CPFViewSpec.swift */ = {isa = PBXFileReference; lastKnownFileType = sourcecode.swift; path = CPFViewSpec.swift; sourceTree = "<group>"; };
		09147BCF24FDAB5900D38E16 /* EmailViewSpec.swift */ = {isa = PBXFileReference; lastKnownFileType = sourcecode.swift; path = EmailViewSpec.swift; sourceTree = "<group>"; };
		095A6B1024FD9925009D80FB /* FlowTests.xctest */ = {isa = PBXFileReference; explicitFileType = wrapper.cfbundle; includeInIndex = 0; path = FlowTests.xctest; sourceTree = BUILT_PRODUCTS_DIR; };
		095A6B1424FD9925009D80FB /* Info.plist */ = {isa = PBXFileReference; lastKnownFileType = text.plist.xml; path = Info.plist; sourceTree = "<group>"; };
		095A6B1A24FD9B15009D80FB /* NameViewSpec.swift */ = {isa = PBXFileReference; lastKnownFileType = sourcecode.swift; path = NameViewSpec.swift; sourceTree = "<group>"; };
		0972F75824895F80003E308B /* Flow.app */ = {isa = PBXFileReference; explicitFileType = wrapper.application; includeInIndex = 0; path = Flow.app; sourceTree = BUILT_PRODUCTS_DIR; };
		0972F75B24895F80003E308B /* AppDelegate.swift */ = {isa = PBXFileReference; lastKnownFileType = sourcecode.swift; path = AppDelegate.swift; sourceTree = "<group>"; };
		0972F75F24895F80003E308B /* ViewController.swift */ = {isa = PBXFileReference; lastKnownFileType = sourcecode.swift; path = ViewController.swift; sourceTree = "<group>"; };
		0972F76424895F82003E308B /* Assets.xcassets */ = {isa = PBXFileReference; lastKnownFileType = folder.assetcatalog; path = Assets.xcassets; sourceTree = "<group>"; };
		0972F76724895F82003E308B /* Base */ = {isa = PBXFileReference; lastKnownFileType = file.storyboard; name = Base; path = Base.lproj/LaunchScreen.storyboard; sourceTree = "<group>"; };
		0972F76924895F82003E308B /* Info.plist */ = {isa = PBXFileReference; lastKnownFileType = text.plist.xml; path = Info.plist; sourceTree = "<group>"; };
		09779401248960CA00FD138F /* Coordinator.swift */ = {isa = PBXFileReference; lastKnownFileType = sourcecode.swift; path = Coordinator.swift; sourceTree = "<group>"; };
		09779405248963FD00FD138F /* MainCoordinator.swift */ = {isa = PBXFileReference; lastKnownFileType = sourcecode.swift; path = MainCoordinator.swift; sourceTree = "<group>"; };
		09779409248981D700FD138F /* CustomNavigationViewController.swift */ = {isa = PBXFileReference; lastKnownFileType = sourcecode.swift; path = CustomNavigationViewController.swift; sourceTree = "<group>"; };
		0977940B248981FB00FD138F /* CustomNavigationBarStyle.swift */ = {isa = PBXFileReference; lastKnownFileType = sourcecode.swift; path = CustomNavigationBarStyle.swift; sourceTree = "<group>"; };
		09854FC52493E9FE00199E2B /* Button.swift */ = {isa = PBXFileReference; lastKnownFileType = sourcecode.swift; path = Button.swift; sourceTree = "<group>"; };
		098BCABA2499295700E2D8FA /* ProgressView.swift */ = {isa = PBXFileReference; lastKnownFileType = sourcecode.swift; path = ProgressView.swift; sourceTree = "<group>"; };
		098BCABC2499326500E2D8FA /* ScrollView.swift */ = {isa = PBXFileReference; lastKnownFileType = sourcecode.swift; path = ScrollView.swift; sourceTree = "<group>"; };
		098BCABE249936D200E2D8FA /* NameView.swift */ = {isa = PBXFileReference; lastKnownFileType = sourcecode.swift; path = NameView.swift; sourceTree = "<group>"; };
		098BCAC12499376600E2D8FA /* OnboardingPagesEnum.swift */ = {isa = PBXFileReference; lastKnownFileType = sourcecode.swift; path = OnboardingPagesEnum.swift; sourceTree = "<group>"; };
		098BCAC32499378400E2D8FA /* CPFView.swift */ = {isa = PBXFileReference; lastKnownFileType = sourcecode.swift; path = CPFView.swift; sourceTree = "<group>"; };
		098BCAC52499378F00E2D8FA /* EmailView.swift */ = {isa = PBXFileReference; lastKnownFileType = sourcecode.swift; path = EmailView.swift; sourceTree = "<group>"; };
		099C0CA625083DE0000EE2B1 /* SizesEnum.swift */ = {isa = PBXFileReference; lastKnownFileType = sourcecode.swift; path = SizesEnum.swift; sourceTree = "<group>"; };
		09B6B3B52494553B00DC364E /* HorizontalStackView.swift */ = {isa = PBXFileReference; lastKnownFileType = sourcecode.swift; path = HorizontalStackView.swift; sourceTree = "<group>"; };
		09B89629249D344B00D80B1C /* UserViewModel.swift */ = {isa = PBXFileReference; lastKnownFileType = sourcecode.swift; path = UserViewModel.swift; sourceTree = "<group>"; };
		09B8962B249D35B000D80B1C /* NameViewModel.swift */ = {isa = PBXFileReference; lastKnownFileType = sourcecode.swift; path = NameViewModel.swift; sourceTree = "<group>"; };
		09B8962D249D36E200D80B1C /* CPFViewModel.swift */ = {isa = PBXFileReference; lastKnownFileType = sourcecode.swift; path = CPFViewModel.swift; sourceTree = "<group>"; };
		09B8962F249D36FA00D80B1C /* EmailViewModel.swift */ = {isa = PBXFileReference; lastKnownFileType = sourcecode.swift; path = EmailViewModel.swift; sourceTree = "<group>"; };
		09E95AF924FEEBDF001F55A7 /* FinalViewSpec.swift */ = {isa = PBXFileReference; lastKnownFileType = sourcecode.swift; path = FinalViewSpec.swift; sourceTree = "<group>"; };
		2D699B2B1619934765186E0E /* Pods-Flow.debug.xcconfig */ = {isa = PBXFileReference; includeInIndex = 1; lastKnownFileType = text.xcconfig; name = "Pods-Flow.debug.xcconfig"; path = "Target Support Files/Pods-Flow/Pods-Flow.debug.xcconfig"; sourceTree = "<group>"; };
		6DAC35EBC617F2E49B08A4A9 /* Pods-Flow-FlowTests.release.xcconfig */ = {isa = PBXFileReference; includeInIndex = 1; lastKnownFileType = text.xcconfig; name = "Pods-Flow-FlowTests.release.xcconfig"; path = "Target Support Files/Pods-Flow-FlowTests/Pods-Flow-FlowTests.release.xcconfig"; sourceTree = "<group>"; };
		6FC45A24FF3D0264FF55DD65 /* Pods_Flow_FlowTests.framework */ = {isa = PBXFileReference; explicitFileType = wrapper.framework; includeInIndex = 0; path = Pods_Flow_FlowTests.framework; sourceTree = BUILT_PRODUCTS_DIR; };
		9D0EE2B96B43B639798F9738 /* Pods_Flow.framework */ = {isa = PBXFileReference; explicitFileType = wrapper.framework; includeInIndex = 0; path = Pods_Flow.framework; sourceTree = BUILT_PRODUCTS_DIR; };
		A6DE901C1F2EB9EB78EED2F5 /* Pods-Flow.release.xcconfig */ = {isa = PBXFileReference; includeInIndex = 1; lastKnownFileType = text.xcconfig; name = "Pods-Flow.release.xcconfig"; path = "Target Support Files/Pods-Flow/Pods-Flow.release.xcconfig"; sourceTree = "<group>"; };
		AEA4283ABA6775EEE039425A /* Pods-Flow-FlowTests.debug.xcconfig */ = {isa = PBXFileReference; includeInIndex = 1; lastKnownFileType = text.xcconfig; name = "Pods-Flow-FlowTests.debug.xcconfig"; path = "Target Support Files/Pods-Flow-FlowTests/Pods-Flow-FlowTests.debug.xcconfig"; sourceTree = "<group>"; };
/* End PBXFileReference section */

/* Begin PBXFrameworksBuildPhase section */
		095A6B0D24FD9925009D80FB /* Frameworks */ = {
			isa = PBXFrameworksBuildPhase;
			buildActionMask = 2147483647;
			files = (
				63E5FDCB71F0B652A456EFDD /* Pods_Flow_FlowTests.framework in Frameworks */,
			);
			runOnlyForDeploymentPostprocessing = 0;
		};
		0972F75524895F80003E308B /* Frameworks */ = {
			isa = PBXFrameworksBuildPhase;
			buildActionMask = 2147483647;
			files = (
				36E2E25694E63FC918FE4598 /* Pods_Flow.framework in Frameworks */,
			);
			runOnlyForDeploymentPostprocessing = 0;
		};
/* End PBXFrameworksBuildPhase section */

/* Begin PBXGroup section */
		090C4050249D2A1000D5C866 /* ViewModel */ = {
			isa = PBXGroup;
			children = (
				09B89629249D344B00D80B1C /* UserViewModel.swift */,
				09B8962B249D35B000D80B1C /* NameViewModel.swift */,
				09B8962D249D36E200D80B1C /* CPFViewModel.swift */,
				09B8962F249D36FA00D80B1C /* EmailViewModel.swift */,
			);
			path = ViewModel;
			sourceTree = "<group>";
		};
		090C4051249D2A4700D5C866 /* LaunchScreen */ = {
			isa = PBXGroup;
			children = (
				0972F76624895F82003E308B /* LaunchScreen.storyboard */,
			);
			path = LaunchScreen;
			sourceTree = "<group>";
		};
		090C4052249D2A5000D5C866 /* Onboarding */ = {
			isa = PBXGroup;
			children = (
				0972F75F24895F80003E308B /* ViewController.swift */,
				098BCABE249936D200E2D8FA /* NameView.swift */,
				098BCAC32499378400E2D8FA /* CPFView.swift */,
				098BCAC52499378F00E2D8FA /* EmailView.swift */,
				090C404E249D0F9B00D5C866 /* FinalView.swift */,
			);
			path = Onboarding;
			sourceTree = "<group>";
		};
		090C4053249D2A6600D5C866 /* System */ = {
			isa = PBXGroup;
			children = (
				0972F75B24895F80003E308B /* AppDelegate.swift */,
			);
			path = System;
			sourceTree = "<group>";
		};
		095A6B1124FD9925009D80FB /* FlowTests */ = {
			isa = PBXGroup;
			children = (
				099C0CA525083DCF000EE2B1 /* Enum */,
				0962550924FD9CDE00827000 /* View */,
				095A6B1424FD9925009D80FB /* Info.plist */,
			);
			path = FlowTests;
			sourceTree = "<group>";
		};
		0962550924FD9CDE00827000 /* View */ = {
			isa = PBXGroup;
			children = (
				095A6B1A24FD9B15009D80FB /* NameViewSpec.swift */,
				09147BCD24FDAAF000D38E16 /* CPFViewSpec.swift */,
				09147BCF24FDAB5900D38E16 /* EmailViewSpec.swift */,
				09E95AF924FEEBDF001F55A7 /* FinalViewSpec.swift */,
			);
			path = View;
			sourceTree = "<group>";
		};
		0972F74F24895F80003E308B = {
			isa = PBXGroup;
			children = (
				0972F75A24895F80003E308B /* Flow */,
				095A6B1124FD9925009D80FB /* FlowTests */,
				0972F75924895F80003E308B /* Products */,
				A8C0915B801C709409955053 /* Pods */,
				92BE8DF9516A42344E124A1E /* Frameworks */,
			);
			sourceTree = "<group>";
		};
		0972F75924895F80003E308B /* Products */ = {
			isa = PBXGroup;
			children = (
				0972F75824895F80003E308B /* Flow.app */,
				095A6B1024FD9925009D80FB /* FlowTests.xctest */,
			);
			name = Products;
			sourceTree = "<group>";
		};
		0972F75A24895F80003E308B /* Flow */ = {
			isa = PBXGroup;
			children = (
				09779400248960C000FD138F /* Coordinator */,
				09779407248964F600FD138F /* View */,
				090C4050249D2A1000D5C866 /* ViewModel */,
				098BCAC02499374E00E2D8FA /* Enums */,
				09854FC42493E9D600199E2B /* Components */,
				090C4053249D2A6600D5C866 /* System */,
				0972F76424895F82003E308B /* Assets.xcassets */,
				0972F76924895F82003E308B /* Info.plist */,
			);
			path = Flow;
			sourceTree = "<group>";
		};
		09779400248960C000FD138F /* Coordinator */ = {
			isa = PBXGroup;
			children = (
				09779401248960CA00FD138F /* Coordinator.swift */,
				09779405248963FD00FD138F /* MainCoordinator.swift */,
			);
			path = Coordinator;
			sourceTree = "<group>";
		};
		09779407248964F600FD138F /* View */ = {
			isa = PBXGroup;
			children = (
				090C4051249D2A4700D5C866 /* LaunchScreen */,
				090C4052249D2A5000D5C866 /* Onboarding */,
			);
			path = View;
			sourceTree = "<group>";
		};
		09779408248981B000FD138F /* CustomNavigationViewController */ = {
			isa = PBXGroup;
			children = (
				09779409248981D700FD138F /* CustomNavigationViewController.swift */,
				0977940B248981FB00FD138F /* CustomNavigationBarStyle.swift */,
			);
			path = CustomNavigationViewController;
			sourceTree = "<group>";
		};
		09854FC42493E9D600199E2B /* Components */ = {
			isa = PBXGroup;
			children = (
				09779408248981B000FD138F /* CustomNavigationViewController */,
				09854FC52493E9FE00199E2B /* Button.swift */,
				09B6B3B52494553B00DC364E /* HorizontalStackView.swift */,
				0904B4B2249A987B008DD335 /* VerticalStackView.swift */,
				098BCABA2499295700E2D8FA /* ProgressView.swift */,
				098BCABC2499326500E2D8FA /* ScrollView.swift */,
				0904B4B4249A99F9008DD335 /* Label.swift */,
				0904B4B6249A9EA4008DD335 /* TextField.swift */,
			);
			path = Components;
			sourceTree = "<group>";
		};
		098BCAC02499374E00E2D8FA /* Enums */ = {
			isa = PBXGroup;
			children = (
				098BCAC12499376600E2D8FA /* OnboardingPagesEnum.swift */,
			);
			path = Enums;
			sourceTree = "<group>";
		};
		099C0CA525083DCF000EE2B1 /* Enum */ = {
			isa = PBXGroup;
			children = (
				099C0CA625083DE0000EE2B1 /* SizesEnum.swift */,
			);
			path = Enum;
			sourceTree = "<group>";
		};
		92BE8DF9516A42344E124A1E /* Frameworks */ = {
			isa = PBXGroup;
			children = (
				9D0EE2B96B43B639798F9738 /* Pods_Flow.framework */,
				6FC45A24FF3D0264FF55DD65 /* Pods_Flow_FlowTests.framework */,
			);
			name = Frameworks;
			sourceTree = "<group>";
		};
		A8C0915B801C709409955053 /* Pods */ = {
			isa = PBXGroup;
			children = (
				2D699B2B1619934765186E0E /* Pods-Flow.debug.xcconfig */,
				A6DE901C1F2EB9EB78EED2F5 /* Pods-Flow.release.xcconfig */,
				AEA4283ABA6775EEE039425A /* Pods-Flow-FlowTests.debug.xcconfig */,
				6DAC35EBC617F2E49B08A4A9 /* Pods-Flow-FlowTests.release.xcconfig */,
			);
			path = Pods;
			sourceTree = "<group>";
		};
/* End PBXGroup section */

/* Begin PBXNativeTarget section */
		095A6B0F24FD9925009D80FB /* FlowTests */ = {
			isa = PBXNativeTarget;
			buildConfigurationList = 095A6B1924FD9925009D80FB /* Build configuration list for PBXNativeTarget "FlowTests" */;
			buildPhases = (
				DF0DCF3E891C74BAFD0C536E /* [CP] Check Pods Manifest.lock */,
				095A6B0C24FD9925009D80FB /* Sources */,
				095A6B0D24FD9925009D80FB /* Frameworks */,
				095A6B0E24FD9925009D80FB /* Resources */,
				827C745DD8181B88D528B039 /* [CP] Embed Pods Frameworks */,
			);
			buildRules = (
			);
			dependencies = (
				095A6B1624FD9925009D80FB /* PBXTargetDependency */,
			);
			name = FlowTests;
			productName = FlowTests;
			productReference = 095A6B1024FD9925009D80FB /* FlowTests.xctest */;
			productType = "com.apple.product-type.bundle.unit-test";
		};
		0972F75724895F80003E308B /* Flow */ = {
			isa = PBXNativeTarget;
			buildConfigurationList = 0972F76C24895F82003E308B /* Build configuration list for PBXNativeTarget "Flow" */;
			buildPhases = (
				FACE44B626562C456F23C70B /* [CP] Check Pods Manifest.lock */,
				0972F75424895F80003E308B /* Sources */,
				0972F75524895F80003E308B /* Frameworks */,
				0972F75624895F80003E308B /* Resources */,
			);
			buildRules = (
			);
			dependencies = (
			);
			name = Flow;
			productName = Flow;
			productReference = 0972F75824895F80003E308B /* Flow.app */;
			productType = "com.apple.product-type.application";
		};
/* End PBXNativeTarget section */

/* Begin PBXProject section */
		0972F75024895F80003E308B /* Project object */ = {
			isa = PBXProject;
			attributes = {
				LastSwiftUpdateCheck = 1160;
				LastUpgradeCheck = 1150;
				ORGANIZATIONNAME = "Gabriel Carvalho Guerrero";
				TargetAttributes = {
					095A6B0F24FD9925009D80FB = {
						CreatedOnToolsVersion = 11.6;
						TestTargetID = 0972F75724895F80003E308B;
					};
					0972F75724895F80003E308B = {
						CreatedOnToolsVersion = 11.5;
					};
				};
			};
			buildConfigurationList = 0972F75324895F80003E308B /* Build configuration list for PBXProject "Flow" */;
			compatibilityVersion = "Xcode 9.3";
			developmentRegion = en;
			hasScannedForEncodings = 0;
			knownRegions = (
				en,
				Base,
			);
			mainGroup = 0972F74F24895F80003E308B;
			productRefGroup = 0972F75924895F80003E308B /* Products */;
			projectDirPath = "";
			projectRoot = "";
			targets = (
				0972F75724895F80003E308B /* Flow */,
				095A6B0F24FD9925009D80FB /* FlowTests */,
			);
		};
/* End PBXProject section */

/* Begin PBXResourcesBuildPhase section */
		095A6B0E24FD9925009D80FB /* Resources */ = {
			isa = PBXResourcesBuildPhase;
			buildActionMask = 2147483647;
			files = (
			);
			runOnlyForDeploymentPostprocessing = 0;
		};
		0972F75624895F80003E308B /* Resources */ = {
			isa = PBXResourcesBuildPhase;
			buildActionMask = 2147483647;
			files = (
				0972F76824895F82003E308B /* LaunchScreen.storyboard in Resources */,
				0972F76524895F82003E308B /* Assets.xcassets in Resources */,
			);
			runOnlyForDeploymentPostprocessing = 0;
		};
/* End PBXResourcesBuildPhase section */

/* Begin PBXShellScriptBuildPhase section */
		827C745DD8181B88D528B039 /* [CP] Embed Pods Frameworks */ = {
			isa = PBXShellScriptBuildPhase;
			buildActionMask = 2147483647;
			files = (
			);
			inputFileListPaths = (
				"${PODS_ROOT}/Target Support Files/Pods-Flow-FlowTests/Pods-Flow-FlowTests-frameworks-${CONFIGURATION}-input-files.xcfilelist",
			);
			name = "[CP] Embed Pods Frameworks";
			outputFileListPaths = (
				"${PODS_ROOT}/Target Support Files/Pods-Flow-FlowTests/Pods-Flow-FlowTests-frameworks-${CONFIGURATION}-output-files.xcfilelist",
			);
			runOnlyForDeploymentPostprocessing = 0;
			shellPath = /bin/sh;
			shellScript = "\"${PODS_ROOT}/Target Support Files/Pods-Flow-FlowTests/Pods-Flow-FlowTests-frameworks.sh\"\n";
			showEnvVarsInLog = 0;
		};
		DF0DCF3E891C74BAFD0C536E /* [CP] Check Pods Manifest.lock */ = {
			isa = PBXShellScriptBuildPhase;
			buildActionMask = 2147483647;
			files = (
			);
			inputFileListPaths = (
			);
			inputPaths = (
				"${PODS_PODFILE_DIR_PATH}/Podfile.lock",
				"${PODS_ROOT}/Manifest.lock",
			);
			name = "[CP] Check Pods Manifest.lock";
			outputFileListPaths = (
			);
			outputPaths = (
				"$(DERIVED_FILE_DIR)/Pods-Flow-FlowTests-checkManifestLockResult.txt",
			);
			runOnlyForDeploymentPostprocessing = 0;
			shellPath = /bin/sh;
			shellScript = "diff \"${PODS_PODFILE_DIR_PATH}/Podfile.lock\" \"${PODS_ROOT}/Manifest.lock\" > /dev/null\nif [ $? != 0 ] ; then\n    # print error to STDERR\n    echo \"error: The sandbox is not in sync with the Podfile.lock. Run 'pod install' or update your CocoaPods installation.\" >&2\n    exit 1\nfi\n# This output is used by Xcode 'outputs' to avoid re-running this script phase.\necho \"SUCCESS\" > \"${SCRIPT_OUTPUT_FILE_0}\"\n";
			showEnvVarsInLog = 0;
		};
		FACE44B626562C456F23C70B /* [CP] Check Pods Manifest.lock */ = {
			isa = PBXShellScriptBuildPhase;
			buildActionMask = 2147483647;
			files = (
			);
			inputFileListPaths = (
			);
			inputPaths = (
				"${PODS_PODFILE_DIR_PATH}/Podfile.lock",
				"${PODS_ROOT}/Manifest.lock",
			);
			name = "[CP] Check Pods Manifest.lock";
			outputFileListPaths = (
			);
			outputPaths = (
				"$(DERIVED_FILE_DIR)/Pods-Flow-checkManifestLockResult.txt",
			);
			runOnlyForDeploymentPostprocessing = 0;
			shellPath = /bin/sh;
			shellScript = "diff \"${PODS_PODFILE_DIR_PATH}/Podfile.lock\" \"${PODS_ROOT}/Manifest.lock\" > /dev/null\nif [ $? != 0 ] ; then\n    # print error to STDERR\n    echo \"error: The sandbox is not in sync with the Podfile.lock. Run 'pod install' or update your CocoaPods installation.\" >&2\n    exit 1\nfi\n# This output is used by Xcode 'outputs' to avoid re-running this script phase.\necho \"SUCCESS\" > \"${SCRIPT_OUTPUT_FILE_0}\"\n";
			showEnvVarsInLog = 0;
		};
/* End PBXShellScriptBuildPhase section */

/* Begin PBXSourcesBuildPhase section */
		095A6B0C24FD9925009D80FB /* Sources */ = {
			isa = PBXSourcesBuildPhase;
			buildActionMask = 2147483647;
			files = (
				09147BD024FDAB5900D38E16 /* EmailViewSpec.swift in Sources */,
				099C0CA725083DE0000EE2B1 /* SizesEnum.swift in Sources */,
				09147BCE24FDAAF000D38E16 /* CPFViewSpec.swift in Sources */,
				09E95AFA24FEEBDF001F55A7 /* FinalViewSpec.swift in Sources */,
				095A6B1B24FD9B15009D80FB /* NameViewSpec.swift in Sources */,
			);
			runOnlyForDeploymentPostprocessing = 0;
		};
		0972F75424895F80003E308B /* Sources */ = {
			isa = PBXSourcesBuildPhase;
			buildActionMask = 2147483647;
			files = (
				098BCAC22499376600E2D8FA /* OnboardingPagesEnum.swift in Sources */,
				09854FC62493E9FE00199E2B /* Button.swift in Sources */,
				0977940C248981FB00FD138F /* CustomNavigationBarStyle.swift in Sources */,
				090C404F249D0F9B00D5C866 /* FinalView.swift in Sources */,
				098BCAC62499378F00E2D8FA /* EmailView.swift in Sources */,
				0904B4B3249A987B008DD335 /* VerticalStackView.swift in Sources */,
				0972F76024895F80003E308B /* ViewController.swift in Sources */,
				0904B4B7249A9EA4008DD335 /* TextField.swift in Sources */,
				0904B4B5249A99F9008DD335 /* Label.swift in Sources */,
				098BCABD2499326500E2D8FA /* ScrollView.swift in Sources */,
				098BCAC42499378400E2D8FA /* CPFView.swift in Sources */,
				09B8962C249D35B000D80B1C /* NameViewModel.swift in Sources */,
				0977940A248981D700FD138F /* CustomNavigationViewController.swift in Sources */,
				098BCABF249936D200E2D8FA /* NameView.swift in Sources */,
				09B89630249D36FA00D80B1C /* EmailViewModel.swift in Sources */,
				09B8962E249D36E200D80B1C /* CPFViewModel.swift in Sources */,
				09B8962A249D344B00D80B1C /* UserViewModel.swift in Sources */,
				09779406248963FD00FD138F /* MainCoordinator.swift in Sources */,
				0972F75C24895F80003E308B /* AppDelegate.swift in Sources */,
				09779402248960CA00FD138F /* Coordinator.swift in Sources */,
				09B6B3B62494553B00DC364E /* HorizontalStackView.swift in Sources */,
				098BCABB2499295700E2D8FA /* ProgressView.swift in Sources */,
			);
			runOnlyForDeploymentPostprocessing = 0;
		};
/* End PBXSourcesBuildPhase section */

/* Begin PBXTargetDependency section */
		095A6B1624FD9925009D80FB /* PBXTargetDependency */ = {
			isa = PBXTargetDependency;
			target = 0972F75724895F80003E308B /* Flow */;
			targetProxy = 095A6B1524FD9925009D80FB /* PBXContainerItemProxy */;
		};
/* End PBXTargetDependency section */

/* Begin PBXVariantGroup section */
		0972F76624895F82003E308B /* LaunchScreen.storyboard */ = {
			isa = PBXVariantGroup;
			children = (
				0972F76724895F82003E308B /* Base */,
			);
			name = LaunchScreen.storyboard;
			sourceTree = "<group>";
		};
/* End PBXVariantGroup section */

/* Begin XCBuildConfiguration section */
		095A6B1724FD9925009D80FB /* Debug */ = {
			isa = XCBuildConfiguration;
			baseConfigurationReference = AEA4283ABA6775EEE039425A /* Pods-Flow-FlowTests.debug.xcconfig */;
			buildSettings = {
				BUNDLE_LOADER = "$(TEST_HOST)";
				CODE_SIGN_STYLE = Automatic;
				DEVELOPMENT_TEAM = 8BK23XFXC6;
				INFOPLIST_FILE = FlowTests/Info.plist;
				IPHONEOS_DEPLOYMENT_TARGET = 13.6;
				LD_RUNPATH_SEARCH_PATHS = (
					"$(inherited)",
					"@executable_path/Frameworks",
					"@loader_path/Frameworks",
				);
				PRODUCT_BUNDLE_IDENTIFIER = br.com.FlowTests;
				PRODUCT_NAME = "$(TARGET_NAME)";
				SWIFT_VERSION = 5.0;
				TARGETED_DEVICE_FAMILY = "1,2";
				TEST_HOST = "$(BUILT_PRODUCTS_DIR)/Flow.app/Flow";
			};
			name = Debug;
		};
		095A6B1824FD9925009D80FB /* Release */ = {
			isa = XCBuildConfiguration;
			baseConfigurationReference = 6DAC35EBC617F2E49B08A4A9 /* Pods-Flow-FlowTests.release.xcconfig */;
			buildSettings = {
				BUNDLE_LOADER = "$(TEST_HOST)";
				CODE_SIGN_STYLE = Automatic;
				DEVELOPMENT_TEAM = 8BK23XFXC6;
				INFOPLIST_FILE = FlowTests/Info.plist;
				IPHONEOS_DEPLOYMENT_TARGET = 13.6;
				LD_RUNPATH_SEARCH_PATHS = (
					"$(inherited)",
					"@executable_path/Frameworks",
					"@loader_path/Frameworks",
				);
				PRODUCT_BUNDLE_IDENTIFIER = br.com.FlowTests;
				PRODUCT_NAME = "$(TARGET_NAME)";
				SWIFT_VERSION = 5.0;
				TARGETED_DEVICE_FAMILY = "1,2";
				TEST_HOST = "$(BUILT_PRODUCTS_DIR)/Flow.app/Flow";
			};
			name = Release;
		};
		0972F76A24895F82003E308B /* Debug */ = {
			isa = XCBuildConfiguration;
			buildSettings = {
				ALWAYS_SEARCH_USER_PATHS = NO;
				CLANG_ANALYZER_NONNULL = YES;
				CLANG_ANALYZER_NUMBER_OBJECT_CONVERSION = YES_AGGRESSIVE;
				CLANG_CXX_LANGUAGE_STANDARD = "gnu++14";
				CLANG_CXX_LIBRARY = "libc++";
				CLANG_ENABLE_MODULES = YES;
				CLANG_ENABLE_OBJC_ARC = YES;
				CLANG_ENABLE_OBJC_WEAK = YES;
				CLANG_WARN_BLOCK_CAPTURE_AUTORELEASING = YES;
				CLANG_WARN_BOOL_CONVERSION = YES;
				CLANG_WARN_COMMA = YES;
				CLANG_WARN_CONSTANT_CONVERSION = YES;
				CLANG_WARN_DEPRECATED_OBJC_IMPLEMENTATIONS = YES;
				CLANG_WARN_DIRECT_OBJC_ISA_USAGE = YES_ERROR;
				CLANG_WARN_DOCUMENTATION_COMMENTS = YES;
				CLANG_WARN_EMPTY_BODY = YES;
				CLANG_WARN_ENUM_CONVERSION = YES;
				CLANG_WARN_INFINITE_RECURSION = YES;
				CLANG_WARN_INT_CONVERSION = YES;
				CLANG_WARN_NON_LITERAL_NULL_CONVERSION = YES;
				CLANG_WARN_OBJC_IMPLICIT_RETAIN_SELF = YES;
				CLANG_WARN_OBJC_LITERAL_CONVERSION = YES;
				CLANG_WARN_OBJC_ROOT_CLASS = YES_ERROR;
				CLANG_WARN_RANGE_LOOP_ANALYSIS = YES;
				CLANG_WARN_STRICT_PROTOTYPES = YES;
				CLANG_WARN_SUSPICIOUS_MOVE = YES;
				CLANG_WARN_UNGUARDED_AVAILABILITY = YES_AGGRESSIVE;
				CLANG_WARN_UNREACHABLE_CODE = YES;
				CLANG_WARN__DUPLICATE_METHOD_MATCH = YES;
				COPY_PHASE_STRIP = NO;
				DEBUG_INFORMATION_FORMAT = dwarf;
				ENABLE_STRICT_OBJC_MSGSEND = YES;
				ENABLE_TESTABILITY = YES;
				GCC_C_LANGUAGE_STANDARD = gnu11;
				GCC_DYNAMIC_NO_PIC = NO;
				GCC_NO_COMMON_BLOCKS = YES;
				GCC_OPTIMIZATION_LEVEL = 0;
				GCC_PREPROCESSOR_DEFINITIONS = (
					"DEBUG=1",
					"$(inherited)",
				);
				GCC_WARN_64_TO_32_BIT_CONVERSION = YES;
				GCC_WARN_ABOUT_RETURN_TYPE = YES_ERROR;
				GCC_WARN_UNDECLARED_SELECTOR = YES;
				GCC_WARN_UNINITIALIZED_AUTOS = YES_AGGRESSIVE;
				GCC_WARN_UNUSED_FUNCTION = YES;
				GCC_WARN_UNUSED_VARIABLE = YES;
				IPHONEOS_DEPLOYMENT_TARGET = 13.5;
				MTL_ENABLE_DEBUG_INFO = INCLUDE_SOURCE;
				MTL_FAST_MATH = YES;
				ONLY_ACTIVE_ARCH = YES;
				SDKROOT = iphoneos;
				SWIFT_ACTIVE_COMPILATION_CONDITIONS = DEBUG;
				SWIFT_OPTIMIZATION_LEVEL = "-Onone";
			};
			name = Debug;
		};
		0972F76B24895F82003E308B /* Release */ = {
			isa = XCBuildConfiguration;
			buildSettings = {
				ALWAYS_SEARCH_USER_PATHS = NO;
				CLANG_ANALYZER_NONNULL = YES;
				CLANG_ANALYZER_NUMBER_OBJECT_CONVERSION = YES_AGGRESSIVE;
				CLANG_CXX_LANGUAGE_STANDARD = "gnu++14";
				CLANG_CXX_LIBRARY = "libc++";
				CLANG_ENABLE_MODULES = YES;
				CLANG_ENABLE_OBJC_ARC = YES;
				CLANG_ENABLE_OBJC_WEAK = YES;
				CLANG_WARN_BLOCK_CAPTURE_AUTORELEASING = YES;
				CLANG_WARN_BOOL_CONVERSION = YES;
				CLANG_WARN_COMMA = YES;
				CLANG_WARN_CONSTANT_CONVERSION = YES;
				CLANG_WARN_DEPRECATED_OBJC_IMPLEMENTATIONS = YES;
				CLANG_WARN_DIRECT_OBJC_ISA_USAGE = YES_ERROR;
				CLANG_WARN_DOCUMENTATION_COMMENTS = YES;
				CLANG_WARN_EMPTY_BODY = YES;
				CLANG_WARN_ENUM_CONVERSION = YES;
				CLANG_WARN_INFINITE_RECURSION = YES;
				CLANG_WARN_INT_CONVERSION = YES;
				CLANG_WARN_NON_LITERAL_NULL_CONVERSION = YES;
				CLANG_WARN_OBJC_IMPLICIT_RETAIN_SELF = YES;
				CLANG_WARN_OBJC_LITERAL_CONVERSION = YES;
				CLANG_WARN_OBJC_ROOT_CLASS = YES_ERROR;
				CLANG_WARN_RANGE_LOOP_ANALYSIS = YES;
				CLANG_WARN_STRICT_PROTOTYPES = YES;
				CLANG_WARN_SUSPICIOUS_MOVE = YES;
				CLANG_WARN_UNGUARDED_AVAILABILITY = YES_AGGRESSIVE;
				CLANG_WARN_UNREACHABLE_CODE = YES;
				CLANG_WARN__DUPLICATE_METHOD_MATCH = YES;
				COPY_PHASE_STRIP = NO;
				DEBUG_INFORMATION_FORMAT = "dwarf-with-dsym";
				ENABLE_NS_ASSERTIONS = NO;
				ENABLE_STRICT_OBJC_MSGSEND = YES;
				GCC_C_LANGUAGE_STANDARD = gnu11;
				GCC_NO_COMMON_BLOCKS = YES;
				GCC_WARN_64_TO_32_BIT_CONVERSION = YES;
				GCC_WARN_ABOUT_RETURN_TYPE = YES_ERROR;
				GCC_WARN_UNDECLARED_SELECTOR = YES;
				GCC_WARN_UNINITIALIZED_AUTOS = YES_AGGRESSIVE;
				GCC_WARN_UNUSED_FUNCTION = YES;
				GCC_WARN_UNUSED_VARIABLE = YES;
				IPHONEOS_DEPLOYMENT_TARGET = 13.5;
				MTL_ENABLE_DEBUG_INFO = NO;
				MTL_FAST_MATH = YES;
				SDKROOT = iphoneos;
				SWIFT_COMPILATION_MODE = wholemodule;
				SWIFT_OPTIMIZATION_LEVEL = "-O";
				VALIDATE_PRODUCT = YES;
			};
			name = Release;
		};
		0972F76D24895F82003E308B /* Debug */ = {
			isa = XCBuildConfiguration;
			baseConfigurationReference = 2D699B2B1619934765186E0E /* Pods-Flow.debug.xcconfig */;
			buildSettings = {
				ASSETCATALOG_COMPILER_APPICON_NAME = AppIcon;
				CODE_SIGN_STYLE = Automatic;
				INFOPLIST_FILE = Flow/Info.plist;
				LD_RUNPATH_SEARCH_PATHS = (
					"$(inherited)",
					"@executable_path/Frameworks",
				);
				PRODUCT_BUNDLE_IDENTIFIER = br.com.Flow;
				PRODUCT_NAME = "$(TARGET_NAME)";
				SWIFT_VERSION = 5.0;
				TARGETED_DEVICE_FAMILY = "1,2";
			};
			name = Debug;
		};
		0972F76E24895F82003E308B /* Release */ = {
			isa = XCBuildConfiguration;
			baseConfigurationReference = A6DE901C1F2EB9EB78EED2F5 /* Pods-Flow.release.xcconfig */;
			buildSettings = {
				ASSETCATALOG_COMPILER_APPICON_NAME = AppIcon;
				CODE_SIGN_STYLE = Automatic;
				INFOPLIST_FILE = Flow/Info.plist;
				LD_RUNPATH_SEARCH_PATHS = (
					"$(inherited)",
					"@executable_path/Frameworks",
				);
				PRODUCT_BUNDLE_IDENTIFIER = br.com.Flow;
				PRODUCT_NAME = "$(TARGET_NAME)";
				SWIFT_VERSION = 5.0;
				TARGETED_DEVICE_FAMILY = "1,2";
			};
			name = Release;
		};
/* End XCBuildConfiguration section */

/* Begin XCConfigurationList section */
		095A6B1924FD9925009D80FB /* Build configuration list for PBXNativeTarget "FlowTests" */ = {
			isa = XCConfigurationList;
			buildConfigurations = (
				095A6B1724FD9925009D80FB /* Debug */,
				095A6B1824FD9925009D80FB /* Release */,
			);
			defaultConfigurationIsVisible = 0;
			defaultConfigurationName = Release;
		};
		0972F75324895F80003E308B /* Build configuration list for PBXProject "Flow" */ = {
			isa = XCConfigurationList;
			buildConfigurations = (
				0972F76A24895F82003E308B /* Debug */,
				0972F76B24895F82003E308B /* Release */,
			);
			defaultConfigurationIsVisible = 0;
			defaultConfigurationName = Release;
		};
		0972F76C24895F82003E308B /* Build configuration list for PBXNativeTarget "Flow" */ = {
			isa = XCConfigurationList;
			buildConfigurations = (
				0972F76D24895F82003E308B /* Debug */,
				0972F76E24895F82003E308B /* Release */,
			);
			defaultConfigurationIsVisible = 0;
			defaultConfigurationName = Release;
		};
/* End XCConfigurationList section */
	};
	rootObject = 0972F75024895F80003E308B /* Project object */;
}
